
Microsoft Visual Studio Solution File, Format Version 12.00
# Visual Studio Version 16
VisualStudioVersion = 16.0.31105.61
MinimumVisualStudioVersion = 10.0.40219.1
Project("{FAE04EC0-301F-11D3-BF4B-00C04F79EFBC}") = "Wzorki_1", "Wzorki_1.csproj", "{CEDE83C9-977C-42D0-9051-B859172F57E7}"
EndProject
Global
	GlobalSection(SolutionConfigurationPlatforms) = preSolution
		Debug|Any CPU = Debug|Any CPU
		Release|Any CPU = Release|Any CPU
	EndGlobalSection
	GlobalSection(ProjectConfigurationPlatforms) = postSolution
		{CEDE83C9-977C-42D0-9051-B859172F57E7}.Debug|Any CPU.ActiveCfg = Debug|Any CPU
		{CEDE83C9-977C-42D0-9051-B859172F57E7}.Debug|Any CPU.Build.0 = Debug|Any CPU
		{CEDE83C9-977C-42D0-9051-B859172F57E7}.Release|Any CPU.ActiveCfg = Release|Any CPU
		{CEDE83C9-977C-42D0-9051-B859172F57E7}.Release|Any CPU.Build.0 = Release|Any CPU
	EndGlobalSection
	GlobalSection(SolutionProperties) = preSolution
		HideSolutionNode = FALSE
	EndGlobalSection
	GlobalSection(ExtensibilityGlobals) = postSolution
		SolutionGuid = {267B196C-13FD-4B5D-A9AD-0E1AA0F97E7B}
	EndGlobalSection
EndGlobal
